
Microsoft Visual Studio Solution File, Format Version 12.00
Project("{FAE04EC0-301F-11D3-BF4B-00C04F79EFBC}") = "Formula", "Formula\Formula.csproj", "{CD5DE5D5-4CC2-4C53-BABC-AF46484C90BE}"
EndProject
Global
	GlobalSection(SolutionConfigurationPlatforms) = preSolution
		Debug|Any CPU = Debug|Any CPU
		Release|Any CPU = Release|Any CPU
	EndGlobalSection
	GlobalSection(ProjectConfigurationPlatforms) = postSolution
		{CD5DE5D5-4CC2-4C53-BABC-AF46484C90BE}.Debug|Any CPU.ActiveCfg = Debug|Any CPU
		{CD5DE5D5-4CC2-4C53-BABC-AF46484C90BE}.Debug|Any CPU.Build.0 = Debug|Any CPU
		{CD5DE5D5-4CC2-4C53-BABC-AF46484C90BE}.Release|Any CPU.ActiveCfg = Release|Any CPU
		{CD5DE5D5-4CC2-4C53-BABC-AF46484C90BE}.Release|Any CPU.Build.0 = Release|Any CPU
	EndGlobalSection
EndGlobal
